// !$*UTF8*$!
{
	archiveVersion = 1;
	classes = {
	};
	objectVersion = 56;
	objects = {

/* Begin PBXBuildFile section */
		A128042E2DACD76200813F8D /* JY_Date_Tool.swift in Sources */ = {isa = PBXBuildFile; fileRef = A12804292DACD76200813F8D /* JY_Date_Tool.swift */; };
		A128042F2DACD76200813F8D /* JY_Date_Tool+dateFormat.swift in Sources */ = {isa = PBXBuildFile; fileRef = A128042A2DACD76200813F8D /* JY_Date_Tool+dateFormat.swift */; };
		A12804302DACD76200813F8D /* JY_Date_Tool+Distance_Now.swift in Sources */ = {isa = PBXBuildFile; fileRef = A128042B2DACD76200813F8D /* JY_Date_Tool+Distance_Now.swift */; };
		A12804332DACD77700813F8D /* JY_Json_Tool.swift in Sources */ = {isa = PBXBuildFile; fileRef = A12804322DACD77700813F8D /* JY_Json_Tool.swift */; };
		A12804362DACDB5300813F8D /* JY_File_Manager+Image_Save.swift in Sources */ = {isa = PBXBuildFile; fileRef = A12804352DACDB5300813F8D /* JY_File_Manager+Image_Save.swift */; };
		A12804382DACDB6100813F8D /* JY_File_Manager.swift in Sources */ = {isa = PBXBuildFile; fileRef = A12804372DACDB6100813F8D /* JY_File_Manager.swift */; };
		A128043C2DACE18D00813F8D /* JY_TextField.swift in Sources */ = {isa = PBXBuildFile; fileRef = A128043B2DACE18D00813F8D /* JY_TextField.swift */; };
		A12804422DACE21000813F8D /* JY_Extension_UIScreen.swift in Sources */ = {isa = PBXBuildFile; fileRef = A128043E2DACE21000813F8D /* JY_Extension_UIScreen.swift */; };
		A12804432DACE21000813F8D /* JY_Device.swift in Sources */ = {isa = PBXBuildFile; fileRef = A128043F2DACE21000813F8D /* JY_Device.swift */; };
		A12804442DACE21000813F8D /* Screen 说明.md in Resources */ = {isa = PBXBuildFile; fileRef = A12804402DACE21000813F8D /* Screen 说明.md */; };
		A12804452DACE21000813F8D /* JY_Extension_UIDevice.swift in Sources */ = {isa = PBXBuildFile; fileRef = A12804412DACE21000813F8D /* JY_Extension_UIDevice.swift */; };
		A12804472DACE21700813F8D /* TextField 说明.md in Resources */ = {isa = PBXBuildFile; fileRef = A12804462DACE21700813F8D /* TextField 说明.md */; };
		A128044C2DACE55C00813F8D /* JY_Sandbox_Tool_Cache.swift in Sources */ = {isa = PBXBuildFile; fileRef = A12804492DACE55C00813F8D /* JY_Sandbox_Tool_Cache.swift */; };
		A128044D2DACE55C00813F8D /* JY_Sandbox_Tool.swift in Sources */ = {isa = PBXBuildFile; fileRef = A128044A2DACE55C00813F8D /* JY_Sandbox_Tool.swift */; };
		A128044E2DACE55C00813F8D /* JY_Sandbox_Tool_Path.swift in Sources */ = {isa = PBXBuildFile; fileRef = A128044B2DACE55C00813F8D /* JY_Sandbox_Tool_Path.swift */; };
		A12804542DACE57200813F8D /* JY_Enum_Language.swift in Sources */ = {isa = PBXBuildFile; fileRef = A128044F2DACE57200813F8D /* JY_Enum_Language.swift */; };
		A12804552DACE57200813F8D /* JY_Localization_Tool_Extension.swift in Sources */ = {isa = PBXBuildFile; fileRef = A12804502DACE57200813F8D /* JY_Localization_Tool_Extension.swift */; };
		A12804562DACE57200813F8D /* JY_Localization_Tool.md in Resources */ = {isa = PBXBuildFile; fileRef = A12804512DACE57200813F8D /* JY_Localization_Tool.md */; };
		A12804572DACE57200813F8D /* JY_Localization_Tool.swift in Sources */ = {isa = PBXBuildFile; fileRef = A12804522DACE57200813F8D /* JY_Localization_Tool.swift */; };
		A12804612DACE58A00813F8D /* Extension 说明.md in Resources */ = {isa = PBXBuildFile; fileRef = A12804582DACE58A00813F8D /* Extension 说明.md */; };
		A12804622DACE58A00813F8D /* JY_Extension_CommonCrypto.swift in Sources */ = {isa = PBXBuildFile; fileRef = A12804592DACE58A00813F8D /* JY_Extension_CommonCrypto.swift */; };
		A12804632DACE58A00813F8D /* JY_Extension_Int.swift in Sources */ = {isa = PBXBuildFile; fileRef = A128045A2DACE58A00813F8D /* JY_Extension_Int.swift */; };
		A12804642DACE58A00813F8D /* JY_Extension_UIApplication.swift in Sources */ = {isa = PBXBuildFile; fileRef = A128045B2DACE58A00813F8D /* JY_Extension_UIApplication.swift */; };
		A12804652DACE58A00813F8D /* JY_Extension_UIColor.swift in Sources */ = {isa = PBXBuildFile; fileRef = A128045C2DACE58A00813F8D /* JY_Extension_UIColor.swift */; };
		A12804662DACE58A00813F8D /* JY_Extension_UIFont.swift in Sources */ = {isa = PBXBuildFile; fileRef = A128045D2DACE58A00813F8D /* JY_Extension_UIFont.swift */; };
		A12804672DACE58A00813F8D /* JY_Extension_UIImage.swift in Sources */ = {isa = PBXBuildFile; fileRef = A128045E2DACE58A00813F8D /* JY_Extension_UIImage.swift */; };
		A12804682DACE58A00813F8D /* JY_Extension_UIWindow.swift in Sources */ = {isa = PBXBuildFile; fileRef = A128045F2DACE58A00813F8D /* JY_Extension_UIWindow.swift */; };
		A12804732DACE59000813F8D /* JY_Base_Controller.swift in Sources */ = {isa = PBXBuildFile; fileRef = A12804692DACE59000813F8D /* JY_Base_Controller.swift */; };
		A12804742DACE59000813F8D /* JY_Base_Loading_View.swift in Sources */ = {isa = PBXBuildFile; fileRef = A128046A2DACE59000813F8D /* JY_Base_Loading_View.swift */; };
		A12804752DACE59000813F8D /* JY_Controller_Config.swift in Sources */ = {isa = PBXBuildFile; fileRef = A128046B2DACE59000813F8D /* JY_Controller_Config.swift */; };
		A12804762DACE59000813F8D /* JY_Enum_BaseController_Status.swift in Sources */ = {isa = PBXBuildFile; fileRef = A128046C2DACE59000813F8D /* JY_Enum_BaseController_Status.swift */; };
		A12804772DACE59000813F8D /* JY_Status_View.swift in Sources */ = {isa = PBXBuildFile; fileRef = A128046D2DACE59000813F8D /* JY_Status_View.swift */; };
		A12804782DACE59000813F8D /* JY_Controller_Manager.swift in Sources */ = {isa = PBXBuildFile; fileRef = A128046F2DACE59000813F8D /* JY_Controller_Manager.swift */; };
		A12804792DACE59000813F8D /* BaseController 说明.md in Resources */ = {isa = PBXBuildFile; fileRef = A12804712DACE59000813F8D /* BaseController 说明.md */; };
		A128047B2DACE68300813F8D /* JY_Extension_String.swift in Sources */ = {isa = PBXBuildFile; fileRef = A128047A2DACE68300813F8D /* JY_Extension_String.swift */; };
		A12804822DACE72F00813F8D /* JY_Button.swift in Sources */ = {isa = PBXBuildFile; fileRef = A128047C2DACE72F00813F8D /* JY_Button.swift */; };
		A12804832DACE72F00813F8D /* JY_ImageView.swift in Sources */ = {isa = PBXBuildFile; fileRef = A128047D2DACE72F00813F8D /* JY_ImageView.swift */; };
		A12804842DACE72F00813F8D /* JY_Label.swift in Sources */ = {isa = PBXBuildFile; fileRef = A128047E2DACE72F00813F8D /* JY_Label.swift */; };
		A12804852DACE72F00813F8D /* JY_ScrollView.swift in Sources */ = {isa = PBXBuildFile; fileRef = A128047F2DACE72F00813F8D /* JY_ScrollView.swift */; };
		A12804862DACE72F00813F8D /* JY_View.swift in Sources */ = {isa = PBXBuildFile; fileRef = A12804802DACE72F00813F8D /* JY_View.swift */; };
		A1779F692DACAA2E006BCC9E /* AppDelegate.swift in Sources */ = {isa = PBXBuildFile; fileRef = A1779F682DACAA2E006BCC9E /* AppDelegate.swift */; };
		A1779F6B2DACAA2E006BCC9E /* SceneDelegate.swift in Sources */ = {isa = PBXBuildFile; fileRef = A1779F6A2DACAA2E006BCC9E /* SceneDelegate.swift */; };
		A1779F6D2DACAA2E006BCC9E /* ViewController.swift in Sources */ = {isa = PBXBuildFile; fileRef = A1779F6C2DACAA2E006BCC9E /* ViewController.swift */; };
		A1779F702DACAA2E006BCC9E /* Base in Resources */ = {isa = PBXBuildFile; fileRef = A1779F6F2DACAA2E006BCC9E /* Base */; };
		A1779F722DACAA2F006BCC9E /* Assets.xcassets in Resources */ = {isa = PBXBuildFile; fileRef = A1779F712DACAA2F006BCC9E /* Assets.xcassets */; };
		A1779F752DACAA2F006BCC9E /* Base in Resources */ = {isa = PBXBuildFile; fileRef = A1779F742DACAA2F006BCC9E /* Base */; };
/* End PBXBuildFile section */

/* Begin PBXFileReference section */
		A12804292DACD76200813F8D /* JY_Date_Tool.swift */ = {isa = PBXFileReference; fileEncoding = 4; lastKnownFileType = sourcecode.swift; path = JY_Date_Tool.swift; sourceTree = "<group>"; };
		A128042A2DACD76200813F8D /* JY_Date_Tool+dateFormat.swift */ = {isa = PBXFileReference; fileEncoding = 4; lastKnownFileType = sourcecode.swift; path = "JY_Date_Tool+dateFormat.swift"; sourceTree = "<group>"; };
		A128042B2DACD76200813F8D /* JY_Date_Tool+Distance_Now.swift */ = {isa = PBXFileReference; fileEncoding = 4; lastKnownFileType = sourcecode.swift; path = "JY_Date_Tool+Distance_Now.swift"; sourceTree = "<group>"; };
		A12804322DACD77700813F8D /* JY_Json_Tool.swift */ = {isa = PBXFileReference; lastKnownFileType = sourcecode.swift; path = JY_Json_Tool.swift; sourceTree = "<group>"; };
		A12804352DACDB5300813F8D /* JY_File_Manager+Image_Save.swift */ = {isa = PBXFileReference; lastKnownFileType = sourcecode.swift; path = "JY_File_Manager+Image_Save.swift"; sourceTree = "<group>"; };
		A12804372DACDB6100813F8D /* JY_File_Manager.swift */ = {isa = PBXFileReference; lastKnownFileType = sourcecode.swift; path = JY_File_Manager.swift; sourceTree = "<group>"; };
		A128043B2DACE18D00813F8D /* JY_TextField.swift */ = {isa = PBXFileReference; fileEncoding = 4; lastKnownFileType = sourcecode.swift; path = JY_TextField.swift; sourceTree = "<group>"; };
		A128043E2DACE21000813F8D /* JY_Extension_UIScreen.swift */ = {isa = PBXFileReference; fileEncoding = 4; lastKnownFileType = sourcecode.swift; path = JY_Extension_UIScreen.swift; sourceTree = "<group>"; };
		A128043F2DACE21000813F8D /* JY_Device.swift */ = {isa = PBXFileReference; fileEncoding = 4; lastKnownFileType = sourcecode.swift; path = JY_Device.swift; sourceTree = "<group>"; };
		A12804402DACE21000813F8D /* Screen 说明.md */ = {isa = PBXFileReference; fileEncoding = 4; lastKnownFileType = net.daringfireball.markdown; path = "Screen 说明.md"; sourceTree = "<group>"; };
		A12804412DACE21000813F8D /* JY_Extension_UIDevice.swift */ = {isa = PBXFileReference; fileEncoding = 4; lastKnownFileType = sourcecode.swift; path = JY_Extension_UIDevice.swift; sourceTree = "<group>"; };
		A12804462DACE21700813F8D /* TextField 说明.md */ = {isa = PBXFileReference; fileEncoding = 4; lastKnownFileType = net.daringfireball.markdown; path = "TextField 说明.md"; sourceTree = "<group>"; };
		A12804492DACE55C00813F8D /* JY_Sandbox_Tool_Cache.swift */ = {isa = PBXFileReference; fileEncoding = 4; lastKnownFileType = sourcecode.swift; path = JY_Sandbox_Tool_Cache.swift; sourceTree = "<group>"; };
		A128044A2DACE55C00813F8D /* JY_Sandbox_Tool.swift */ = {isa = PBXFileReference; fileEncoding = 4; lastKnownFileType = sourcecode.swift; path = JY_Sandbox_Tool.swift; sourceTree = "<group>"; };
		A128044B2DACE55C00813F8D /* JY_Sandbox_Tool_Path.swift */ = {isa = PBXFileReference; fileEncoding = 4; lastKnownFileType = sourcecode.swift; path = JY_Sandbox_Tool_Path.swift; sourceTree = "<group>"; };
		A128044F2DACE57200813F8D /* JY_Enum_Language.swift */ = {isa = PBXFileReference; fileEncoding = 4; lastKnownFileType = sourcecode.swift; path = JY_Enum_Language.swift; sourceTree = "<group>"; };
		A12804502DACE57200813F8D /* JY_Localization_Tool_Extension.swift */ = {isa = PBXFileReference; fileEncoding = 4; lastKnownFileType = sourcecode.swift; path = JY_Localization_Tool_Extension.swift; sourceTree = "<group>"; };
		A12804512DACE57200813F8D /* JY_Localization_Tool.md */ = {isa = PBXFileReference; fileEncoding = 4; lastKnownFileType = net.daringfireball.markdown; path = JY_Localization_Tool.md; sourceTree = "<group>"; };
		A12804522DACE57200813F8D /* JY_Localization_Tool.swift */ = {isa = PBXFileReference; fileEncoding = 4; lastKnownFileType = sourcecode.swift; path = JY_Localization_Tool.swift; sourceTree = "<group>"; };
		A12804582DACE58A00813F8D /* Extension 说明.md */ = {isa = PBXFileReference; fileEncoding = 4; lastKnownFileType = net.daringfireball.markdown; path = "Extension 说明.md"; sourceTree = "<group>"; };
		A12804592DACE58A00813F8D /* JY_Extension_CommonCrypto.swift */ = {isa = PBXFileReference; fileEncoding = 4; lastKnownFileType = sourcecode.swift; path = JY_Extension_CommonCrypto.swift; sourceTree = "<group>"; };
		A128045A2DACE58A00813F8D /* JY_Extension_Int.swift */ = {isa = PBXFileReference; fileEncoding = 4; lastKnownFileType = sourcecode.swift; path = JY_Extension_Int.swift; sourceTree = "<group>"; };
		A128045B2DACE58A00813F8D /* JY_Extension_UIApplication.swift */ = {isa = PBXFileReference; fileEncoding = 4; lastKnownFileType = sourcecode.swift; path = JY_Extension_UIApplication.swift; sourceTree = "<group>"; };
		A128045C2DACE58A00813F8D /* JY_Extension_UIColor.swift */ = {isa = PBXFileReference; fileEncoding = 4; lastKnownFileType = sourcecode.swift; path = JY_Extension_UIColor.swift; sourceTree = "<group>"; };
		A128045D2DACE58A00813F8D /* JY_Extension_UIFont.swift */ = {isa = PBXFileReference; fileEncoding = 4; lastKnownFileType = sourcecode.swift; path = JY_Extension_UIFont.swift; sourceTree = "<group>"; };
		A128045E2DACE58A00813F8D /* JY_Extension_UIImage.swift */ = {isa = PBXFileReference; fileEncoding = 4; lastKnownFileType = sourcecode.swift; path = JY_Extension_UIImage.swift; sourceTree = "<group>"; };
		A128045F2DACE58A00813F8D /* JY_Extension_UIWindow.swift */ = {isa = PBXFileReference; fileEncoding = 4; lastKnownFileType = sourcecode.swift; path = JY_Extension_UIWindow.swift; sourceTree = "<group>"; };
		A12804692DACE59000813F8D /* JY_Base_Controller.swift */ = {isa = PBXFileReference; fileEncoding = 4; lastKnownFileType = sourcecode.swift; path = JY_Base_Controller.swift; sourceTree = "<group>"; };
		A128046A2DACE59000813F8D /* JY_Base_Loading_View.swift */ = {isa = PBXFileReference; fileEncoding = 4; lastKnownFileType = sourcecode.swift; path = JY_Base_Loading_View.swift; sourceTree = "<group>"; };
		A128046B2DACE59000813F8D /* JY_Controller_Config.swift */ = {isa = PBXFileReference; fileEncoding = 4; lastKnownFileType = sourcecode.swift; path = JY_Controller_Config.swift; sourceTree = "<group>"; };
		A128046C2DACE59000813F8D /* JY_Enum_BaseController_Status.swift */ = {isa = PBXFileReference; fileEncoding = 4; lastKnownFileType = sourcecode.swift; path = JY_Enum_BaseController_Status.swift; sourceTree = "<group>"; };
		A128046D2DACE59000813F8D /* JY_Status_View.swift */ = {isa = PBXFileReference; fileEncoding = 4; lastKnownFileType = sourcecode.swift; path = JY_Status_View.swift; sourceTree = "<group>"; };
		A128046F2DACE59000813F8D /* JY_Controller_Manager.swift */ = {isa = PBXFileReference; fileEncoding = 4; lastKnownFileType = sourcecode.swift; path = JY_Controller_Manager.swift; sourceTree = "<group>"; };
		A12804712DACE59000813F8D /* BaseController 说明.md */ = {isa = PBXFileReference; fileEncoding = 4; lastKnownFileType = net.daringfireball.markdown; path = "BaseController 说明.md"; sourceTree = "<group>"; };
		A128047A2DACE68300813F8D /* JY_Extension_String.swift */ = {isa = PBXFileReference; lastKnownFileType = sourcecode.swift; path = JY_Extension_String.swift; sourceTree = "<group>"; };
		A128047C2DACE72F00813F8D /* JY_Button.swift */ = {isa = PBXFileReference; fileEncoding = 4; lastKnownFileType = sourcecode.swift; path = JY_Button.swift; sourceTree = "<group>"; };
		A128047D2DACE72F00813F8D /* JY_ImageView.swift */ = {isa = PBXFileReference; fileEncoding = 4; lastKnownFileType = sourcecode.swift; path = JY_ImageView.swift; sourceTree = "<group>"; };
		A128047E2DACE72F00813F8D /* JY_Label.swift */ = {isa = PBXFileReference; fileEncoding = 4; lastKnownFileType = sourcecode.swift; path = JY_Label.swift; sourceTree = "<group>"; };
		A128047F2DACE72F00813F8D /* JY_ScrollView.swift */ = {isa = PBXFileReference; fileEncoding = 4; lastKnownFileType = sourcecode.swift; path = JY_ScrollView.swift; sourceTree = "<group>"; };
		A12804802DACE72F00813F8D /* JY_View.swift */ = {isa = PBXFileReference; fileEncoding = 4; lastKnownFileType = sourcecode.swift; path = JY_View.swift; sourceTree = "<group>"; };
		A1779F652DACAA2E006BCC9E /* JYYQToolBox.app */ = {isa = PBXFileReference; explicitFileType = wrapper.application; includeInIndex = 0; path = JYYQToolBox.app; sourceTree = BUILT_PRODUCTS_DIR; };
		A1779F682DACAA2E006BCC9E /* AppDelegate.swift */ = {isa = PBXFileReference; lastKnownFileType = sourcecode.swift; path = AppDelegate.swift; sourceTree = "<group>"; };
		A1779F6A2DACAA2E006BCC9E /* SceneDelegate.swift */ = {isa = PBXFileReference; lastKnownFileType = sourcecode.swift; path = SceneDelegate.swift; sourceTree = "<group>"; };
		A1779F6C2DACAA2E006BCC9E /* ViewController.swift */ = {isa = PBXFileReference; lastKnownFileType = sourcecode.swift; path = ViewController.swift; sourceTree = "<group>"; };
		A1779F6F2DACAA2E006BCC9E /* Base */ = {isa = PBXFileReference; lastKnownFileType = file.storyboard; name = Base; path = Base.lproj/Main.storyboard; sourceTree = "<group>"; };
		A1779F712DACAA2F006BCC9E /* Assets.xcassets */ = {isa = PBXFileReference; lastKnownFileType = folder.assetcatalog; path = Assets.xcassets; sourceTree = "<group>"; };
		A1779F742DACAA2F006BCC9E /* Base */ = {isa = PBXFileReference; lastKnownFileType = file.storyboard; name = Base; path = Base.lproj/LaunchScreen.storyboard; sourceTree = "<group>"; };
		A1779F762DACAA2F006BCC9E /* Info.plist */ = {isa = PBXFileReference; lastKnownFileType = text.plist.xml; path = Info.plist; sourceTree = "<group>"; };
/* End PBXFileReference section */

/* Begin PBXFrameworksBuildPhase section */
		A1779F622DACAA2E006BCC9E /* Frameworks */ = {
			isa = PBXFrameworksBuildPhase;
			buildActionMask = 2147483647;
			files = (
			);
			runOnlyForDeploymentPostprocessing = 0;
		};
/* End PBXFrameworksBuildPhase section */

/* Begin PBXGroup section */
		A128042C2DACD76200813F8D /* Date */ = {
			isa = PBXGroup;
			children = (
				A12804292DACD76200813F8D /* JY_Date_Tool.swift */,
				A128042A2DACD76200813F8D /* JY_Date_Tool+dateFormat.swift */,
				A128042B2DACD76200813F8D /* JY_Date_Tool+Distance_Now.swift */,
			);
			path = Date;
			sourceTree = "<group>";
		};
		A128042D2DACD76200813F8D /* ToolBox */ = {
			isa = PBXGroup;
			children = (
				A12804722DACE59000813F8D /* Controller */,
				A128042C2DACD76200813F8D /* Date */,
				A12804602DACE58A00813F8D /* Extension */,
				A12804342DACDAEA00813F8D /* FileManager */,
				A12804312DACD76800813F8D /* JsonTool */,
				A12804532DACE57200813F8D /* Localization */,
				A12804482DACE54D00813F8D /* Sandbox */,
				A128043D2DACE20400813F8D /* Screen */,
				A12804392DACE18100813F8D /* View */,
			);
			path = ToolBox;
			sourceTree = "<group>";
		};
		A12804312DACD76800813F8D /* JsonTool */ = {
			isa = PBXGroup;
			children = (
				A12804322DACD77700813F8D /* JY_Json_Tool.swift */,
			);
			path = JsonTool;
			sourceTree = "<group>";
		};
		A12804342DACDAEA00813F8D /* FileManager */ = {
			isa = PBXGroup;
			children = (
				A12804372DACDB6100813F8D /* JY_File_Manager.swift */,
				A12804352DACDB5300813F8D /* JY_File_Manager+Image_Save.swift */,
			);
			path = FileManager;
			sourceTree = "<group>";
		};
		A12804392DACE18100813F8D /* View */ = {
			isa = PBXGroup;
			children = (
				A12804812DACE72F00813F8D /* Parent */,
				A128043A2DACE18600813F8D /* TextFiled */,
			);
			path = View;
			sourceTree = "<group>";
		};
		A128043A2DACE18600813F8D /* TextFiled */ = {
			isa = PBXGroup;
			children = (
				A12804462DACE21700813F8D /* TextField 说明.md */,
				A128043B2DACE18D00813F8D /* JY_TextField.swift */,
			);
			path = TextFiled;
			sourceTree = "<group>";
		};
		A128043D2DACE20400813F8D /* Screen */ = {
			isa = PBXGroup;
			children = (
				A128043F2DACE21000813F8D /* JY_Device.swift */,
				A12804412DACE21000813F8D /* JY_Extension_UIDevice.swift */,
				A128043E2DACE21000813F8D /* JY_Extension_UIScreen.swift */,
				A12804402DACE21000813F8D /* Screen 说明.md */,
			);
			path = Screen;
			sourceTree = "<group>";
		};
		A12804482DACE54D00813F8D /* Sandbox */ = {
			isa = PBXGroup;
			children = (
				A12804492DACE55C00813F8D /* JY_Sandbox_Tool_Cache.swift */,
				A128044B2DACE55C00813F8D /* JY_Sandbox_Tool_Path.swift */,
				A128044A2DACE55C00813F8D /* JY_Sandbox_Tool.swift */,
			);
			path = Sandbox;
			sourceTree = "<group>";
		};
		A12804532DACE57200813F8D /* Localization */ = {
			isa = PBXGroup;
			children = (
				A128044F2DACE57200813F8D /* JY_Enum_Language.swift */,
				A12804502DACE57200813F8D /* JY_Localization_Tool_Extension.swift */,
				A12804512DACE57200813F8D /* JY_Localization_Tool.md */,
				A12804522DACE57200813F8D /* JY_Localization_Tool.swift */,
			);
			path = Localization;
			sourceTree = "<group>";
		};
		A12804602DACE58A00813F8D /* Extension */ = {
			isa = PBXGroup;
			children = (
				A12804582DACE58A00813F8D /* Extension 说明.md */,
				A12804592DACE58A00813F8D /* JY_Extension_CommonCrypto.swift */,
				A128045A2DACE58A00813F8D /* JY_Extension_Int.swift */,
				A128045B2DACE58A00813F8D /* JY_Extension_UIApplication.swift */,
				A128045C2DACE58A00813F8D /* JY_Extension_UIColor.swift */,
				A128045D2DACE58A00813F8D /* JY_Extension_UIFont.swift */,
				A128045E2DACE58A00813F8D /* JY_Extension_UIImage.swift */,
				A128045F2DACE58A00813F8D /* JY_Extension_UIWindow.swift */,
				A128047A2DACE68300813F8D /* JY_Extension_String.swift */,
			);
			path = Extension;
			sourceTree = "<group>";
		};
		A128046E2DACE59000813F8D /* Controller */ = {
			isa = PBXGroup;
			children = (
				A12804692DACE59000813F8D /* JY_Base_Controller.swift */,
				A128046A2DACE59000813F8D /* JY_Base_Loading_View.swift */,
				A128046B2DACE59000813F8D /* JY_Controller_Config.swift */,
				A128046C2DACE59000813F8D /* JY_Enum_BaseController_Status.swift */,
				A128046D2DACE59000813F8D /* JY_Status_View.swift */,
			);
			path = Controller;
			sourceTree = "<group>";
		};
		A12804702DACE59000813F8D /* Manager */ = {
			isa = PBXGroup;
			children = (
				A128046F2DACE59000813F8D /* JY_Controller_Manager.swift */,
			);
			path = Manager;
			sourceTree = "<group>";
		};
		A12804722DACE59000813F8D /* Controller */ = {
			isa = PBXGroup;
			children = (
				A128046E2DACE59000813F8D /* Controller */,
				A12804702DACE59000813F8D /* Manager */,
				A12804712DACE59000813F8D /* BaseController 说明.md */,
			);
			path = Controller;
			sourceTree = "<group>";
		};
		A12804812DACE72F00813F8D /* Parent */ = {
			isa = PBXGroup;
			children = (
				A128047C2DACE72F00813F8D /* JY_Button.swift */,
				A128047D2DACE72F00813F8D /* JY_ImageView.swift */,
				A128047E2DACE72F00813F8D /* JY_Label.swift */,
				A128047F2DACE72F00813F8D /* JY_ScrollView.swift */,
				A12804802DACE72F00813F8D /* JY_View.swift */,
			);
			path = Parent;
			sourceTree = "<group>";
		};
		A1779F5C2DACAA2E006BCC9E = {
			isa = PBXGroup;
			children = (
				A1779F672DACAA2E006BCC9E /* JYYQToolBox */,
				A1779F662DACAA2E006BCC9E /* Products */,
			);
			sourceTree = "<group>";
		};
		A1779F662DACAA2E006BCC9E /* Products */ = {
			isa = PBXGroup;
			children = (
				A1779F652DACAA2E006BCC9E /* JYYQToolBox.app */,
			);
			name = Products;
			sourceTree = "<group>";
		};
		A1779F672DACAA2E006BCC9E /* JYYQToolBox */ = {
			isa = PBXGroup;
			children = (
				A128042D2DACD76200813F8D /* ToolBox */,
				A1779F682DACAA2E006BCC9E /* AppDelegate.swift */,
				A1779F6A2DACAA2E006BCC9E /* SceneDelegate.swift */,
				A1779F6C2DACAA2E006BCC9E /* ViewController.swift */,
				A1779F6E2DACAA2E006BCC9E /* Main.storyboard */,
				A1779F712DACAA2F006BCC9E /* Assets.xcassets */,
				A1779F732DACAA2F006BCC9E /* LaunchScreen.storyboard */,
				A1779F762DACAA2F006BCC9E /* Info.plist */,
			);
			path = JYYQToolBox;
			sourceTree = "<group>";
		};
/* End PBXGroup section */

/* Begin PBXNativeTarget section */
		A1779F642DACAA2E006BCC9E /* JYYQToolBox */ = {
			isa = PBXNativeTarget;
			buildConfigurationList = A1779F792DACAA2F006BCC9E /* Build configuration list for PBXNativeTarget "JYYQToolBox" */;
			buildPhases = (
				A1779F612DACAA2E006BCC9E /* Sources */,
				A1779F622DACAA2E006BCC9E /* Frameworks */,
				A1779F632DACAA2E006BCC9E /* Resources */,
			);
			buildRules = (
			);
			dependencies = (
			);
			name = JYYQToolBox;
			productName = JYYQToolBox;
			productReference = A1779F652DACAA2E006BCC9E /* JYYQToolBox.app */;
			productType = "com.apple.product-type.application";
		};
/* End PBXNativeTarget section */

/* Begin PBXProject section */
		A1779F5D2DACAA2E006BCC9E /* Project object */ = {
			isa = PBXProject;
			attributes = {
				BuildIndependentTargetsInParallel = 1;
				LastSwiftUpdateCheck = 1540;
				LastUpgradeCheck = 1540;
				TargetAttributes = {
					A1779F642DACAA2E006BCC9E = {
						CreatedOnToolsVersion = 15.4;
					};
				};
			};
			buildConfigurationList = A1779F602DACAA2E006BCC9E /* Build configuration list for PBXProject "JYYQToolBox" */;
			compatibilityVersion = "Xcode 14.0";
			developmentRegion = en;
			hasScannedForEncodings = 0;
			knownRegions = (
				en,
				Base,
			);
			mainGroup = A1779F5C2DACAA2E006BCC9E;
			productRefGroup = A1779F662DACAA2E006BCC9E /* Products */;
			projectDirPath = "";
			projectRoot = "";
			targets = (
				A1779F642DACAA2E006BCC9E /* JYYQToolBox */,
			);
		};
/* End PBXProject section */

/* Begin PBXResourcesBuildPhase section */
		A1779F632DACAA2E006BCC9E /* Resources */ = {
			isa = PBXResourcesBuildPhase;
			buildActionMask = 2147483647;
			files = (
				A12804562DACE57200813F8D /* JY_Localization_Tool.md in Resources */,
				A12804612DACE58A00813F8D /* Extension 说明.md in Resources */,
				A12804472DACE21700813F8D /* TextField 说明.md in Resources */,
				A1779F722DACAA2F006BCC9E /* Assets.xcassets in Resources */,
				A12804792DACE59000813F8D /* BaseController 说明.md in Resources */,
				A12804442DACE21000813F8D /* Screen 说明.md in Resources */,
				A1779F752DACAA2F006BCC9E /* Base in Resources */,
				A1779F702DACAA2E006BCC9E /* Base in Resources */,
			);
			runOnlyForDeploymentPostprocessing = 0;
		};
/* End PBXResourcesBuildPhase section */

/* Begin PBXSourcesBuildPhase section */
		A1779F612DACAA2E006BCC9E /* Sources */ = {
			isa = PBXSourcesBuildPhase;
			buildActionMask = 2147483647;
			files = (
				A12804652DACE58A00813F8D /* JY_Extension_UIColor.swift in Sources */,
				A12804302DACD76200813F8D /* JY_Date_Tool+Distance_Now.swift in Sources */,
				A12804762DACE59000813F8D /* JY_Enum_BaseController_Status.swift in Sources */,
				A12804862DACE72F00813F8D /* JY_View.swift in Sources */,
				A12804842DACE72F00813F8D /* JY_Label.swift in Sources */,
				A12804552DACE57200813F8D /* JY_Localization_Tool_Extension.swift in Sources */,
				A12804732DACE59000813F8D /* JY_Base_Controller.swift in Sources */,
				A12804832DACE72F00813F8D /* JY_ImageView.swift in Sources */,
				A128044C2DACE55C00813F8D /* JY_Sandbox_Tool_Cache.swift in Sources */,
				A1779F6D2DACAA2E006BCC9E /* ViewController.swift in Sources */,
				A128047B2DACE68300813F8D /* JY_Extension_String.swift in Sources */,
				A128043C2DACE18D00813F8D /* JY_TextField.swift in Sources */,
				A12804382DACDB6100813F8D /* JY_File_Manager.swift in Sources */,
				A12804622DACE58A00813F8D /* JY_Extension_CommonCrypto.swift in Sources */,
				A12804432DACE21000813F8D /* JY_Device.swift in Sources */,
				A12804852DACE72F00813F8D /* JY_ScrollView.swift in Sources */,
				A128042F2DACD76200813F8D /* JY_Date_Tool+dateFormat.swift in Sources */,
				A12804772DACE59000813F8D /* JY_Status_View.swift in Sources */,
				A12804332DACD77700813F8D /* JY_Json_Tool.swift in Sources */,
				A12804672DACE58A00813F8D /* JY_Extension_UIImage.swift in Sources */,
				A12804822DACE72F00813F8D /* JY_Button.swift in Sources */,
				A12804742DACE59000813F8D /* JY_Base_Loading_View.swift in Sources */,
				A12804572DACE57200813F8D /* JY_Localization_Tool.swift in Sources */,
				A128044D2DACE55C00813F8D /* JY_Sandbox_Tool.swift in Sources */,
				A12804422DACE21000813F8D /* JY_Extension_UIScreen.swift in Sources */,
				A1779F692DACAA2E006BCC9E /* AppDelegate.swift in Sources */,
				A128042E2DACD76200813F8D /* JY_Date_Tool.swift in Sources */,
				A12804452DACE21000813F8D /* JY_Extension_UIDevice.swift in Sources */,
				A12804782DACE59000813F8D /* JY_Controller_Manager.swift in Sources */,
				A12804682DACE58A00813F8D /* JY_Extension_UIWindow.swift in Sources */,
				A12804642DACE58A00813F8D /* JY_Extension_UIApplication.swift in Sources */,
				A12804362DACDB5300813F8D /* JY_File_Manager+Image_Save.swift in Sources */,
				A12804632DACE58A00813F8D /* JY_Extension_Int.swift in Sources */,
				A1779F6B2DACAA2E006BCC9E /* SceneDelegate.swift in Sources */,
				A128044E2DACE55C00813F8D /* JY_Sandbox_Tool_Path.swift in Sources */,
				A12804542DACE57200813F8D /* JY_Enum_Language.swift in Sources */,
				A12804752DACE59000813F8D /* JY_Controller_Config.swift in Sources */,
				A12804662DACE58A00813F8D /* JY_Extension_UIFont.swift in Sources */,
			);
			runOnlyForDeploymentPostprocessing = 0;
		};
/* End PBXSourcesBuildPhase section */

/* Begin PBXVariantGroup section */
		A1779F6E2DACAA2E006BCC9E /* Main.storyboard */ = {
			isa = PBXVariantGroup;
			children = (
				A1779F6F2DACAA2E006BCC9E /* Base */,
			);
			name = Main.storyboard;
			sourceTree = "<group>";
		};
		A1779F732DACAA2F006BCC9E /* LaunchScreen.storyboard */ = {
			isa = PBXVariantGroup;
			children = (
				A1779F742DACAA2F006BCC9E /* Base */,
			);
			name = LaunchScreen.storyboard;
			sourceTree = "<group>";
		};
/* End PBXVariantGroup section */

/* Begin XCBuildConfiguration section */
		A1779F772DACAA2F006BCC9E /* Debug */ = {
			isa = XCBuildConfiguration;
			buildSettings = {
				ALWAYS_SEARCH_USER_PATHS = NO;
				ASSETCATALOG_COMPILER_GENERATE_SWIFT_ASSET_SYMBOL_EXTENSIONS = YES;
				CLANG_ANALYZER_NONNULL = YES;
				CLANG_ANALYZER_NUMBER_OBJECT_CONVERSION = YES_AGGRESSIVE;
				CLANG_CXX_LANGUAGE_STANDARD = "gnu++20";
				CLANG_ENABLE_MODULES = YES;
				CLANG_ENABLE_OBJC_ARC = YES;
				CLANG_ENABLE_OBJC_WEAK = YES;
				CLANG_WARN_BLOCK_CAPTURE_AUTORELEASING = YES;
				CLANG_WARN_BOOL_CONVERSION = YES;
				CLANG_WARN_COMMA = YES;
				CLANG_WARN_CONSTANT_CONVERSION = YES;
				CLANG_WARN_DEPRECATED_OBJC_IMPLEMENTATIONS = YES;
				CLANG_WARN_DIRECT_OBJC_ISA_USAGE = YES_ERROR;
				CLANG_WARN_DOCUMENTATION_COMMENTS = YES;
				CLANG_WARN_EMPTY_BODY = YES;
				CLANG_WARN_ENUM_CONVERSION = YES;
				CLANG_WARN_INFINITE_RECURSION = YES;
				CLANG_WARN_INT_CONVERSION = YES;
				CLANG_WARN_NON_LITERAL_NULL_CONVERSION = YES;
				CLANG_WARN_OBJC_IMPLICIT_RETAIN_SELF = YES;
				CLANG_WARN_OBJC_LITERAL_CONVERSION = YES;
				CLANG_WARN_OBJC_ROOT_CLASS = YES_ERROR;
				CLANG_WARN_QUOTED_INCLUDE_IN_FRAMEWORK_HEADER = YES;
				CLANG_WARN_RANGE_LOOP_ANALYSIS = YES;
				CLANG_WARN_STRICT_PROTOTYPES = YES;
				CLANG_WARN_SUSPICIOUS_MOVE = YES;
				CLANG_WARN_UNGUARDED_AVAILABILITY = YES_AGGRESSIVE;
				CLANG_WARN_UNREACHABLE_CODE = YES;
				CLANG_WARN__DUPLICATE_METHOD_MATCH = YES;
				COPY_PHASE_STRIP = NO;
				DEBUG_INFORMATION_FORMAT = dwarf;
				ENABLE_STRICT_OBJC_MSGSEND = YES;
				ENABLE_TESTABILITY = YES;
				ENABLE_USER_SCRIPT_SANDBOXING = YES;
				GCC_C_LANGUAGE_STANDARD = gnu17;
				GCC_DYNAMIC_NO_PIC = NO;
				GCC_NO_COMMON_BLOCKS = YES;
				GCC_OPTIMIZATION_LEVEL = 0;
				GCC_PREPROCESSOR_DEFINITIONS = (
					"DEBUG=1",
					"$(inherited)",
				);
				GCC_WARN_64_TO_32_BIT_CONVERSION = YES;
				GCC_WARN_ABOUT_RETURN_TYPE = YES_ERROR;
				GCC_WARN_UNDECLARED_SELECTOR = YES;
				GCC_WARN_UNINITIALIZED_AUTOS = YES_AGGRESSIVE;
				GCC_WARN_UNUSED_FUNCTION = YES;
				GCC_WARN_UNUSED_VARIABLE = YES;
				IPHONEOS_DEPLOYMENT_TARGET = 17.5;
				LOCALIZATION_PREFERS_STRING_CATALOGS = YES;
				MTL_ENABLE_DEBUG_INFO = INCLUDE_SOURCE;
				MTL_FAST_MATH = YES;
				ONLY_ACTIVE_ARCH = YES;
				SDKROOT = iphoneos;
				SWIFT_ACTIVE_COMPILATION_CONDITIONS = "DEBUG $(inherited)";
				SWIFT_OPTIMIZATION_LEVEL = "-Onone";
			};
			name = Debug;
		};
		A1779F782DACAA2F006BCC9E /* Release */ = {
			isa = XCBuildConfiguration;
			buildSettings = {
				ALWAYS_SEARCH_USER_PATHS = NO;
				ASSETCATALOG_COMPILER_GENERATE_SWIFT_ASSET_SYMBOL_EXTENSIONS = YES;
				CLANG_ANALYZER_NONNULL = YES;
				CLANG_ANALYZER_NUMBER_OBJECT_CONVERSION = YES_AGGRESSIVE;
				CLANG_CXX_LANGUAGE_STANDARD = "gnu++20";
				CLANG_ENABLE_MODULES = YES;
				CLANG_ENABLE_OBJC_ARC = YES;
				CLANG_ENABLE_OBJC_WEAK = YES;
				CLANG_WARN_BLOCK_CAPTURE_AUTORELEASING = YES;
				CLANG_WARN_BOOL_CONVERSION = YES;
				CLANG_WARN_COMMA = YES;
				CLANG_WARN_CONSTANT_CONVERSION = YES;
				CLANG_WARN_DEPRECATED_OBJC_IMPLEMENTATIONS = YES;
				CLANG_WARN_DIRECT_OBJC_ISA_USAGE = YES_ERROR;
				CLANG_WARN_DOCUMENTATION_COMMENTS = YES;
				CLANG_WARN_EMPTY_BODY = YES;
				CLANG_WARN_ENUM_CONVERSION = YES;
				CLANG_WARN_INFINITE_RECURSION = YES;
				CLANG_WARN_INT_CONVERSION = YES;
				CLANG_WARN_NON_LITERAL_NULL_CONVERSION = YES;
				CLANG_WARN_OBJC_IMPLICIT_RETAIN_SELF = YES;
				CLANG_WARN_OBJC_LITERAL_CONVERSION = YES;
				CLANG_WARN_OBJC_ROOT_CLASS = YES_ERROR;
				CLANG_WARN_QUOTED_INCLUDE_IN_FRAMEWORK_HEADER = YES;
				CLANG_WARN_RANGE_LOOP_ANALYSIS = YES;
				CLANG_WARN_STRICT_PROTOTYPES = YES;
				CLANG_WARN_SUSPICIOUS_MOVE = YES;
				CLANG_WARN_UNGUARDED_AVAILABILITY = YES_AGGRESSIVE;
				CLANG_WARN_UNREACHABLE_CODE = YES;
				CLANG_WARN__DUPLICATE_METHOD_MATCH = YES;
				COPY_PHASE_STRIP = NO;
				DEBUG_INFORMATION_FORMAT = "dwarf-with-dsym";
				ENABLE_NS_ASSERTIONS = NO;
				ENABLE_STRICT_OBJC_MSGSEND = YES;
				ENABLE_USER_SCRIPT_SANDBOXING = YES;
				GCC_C_LANGUAGE_STANDARD = gnu17;
				GCC_NO_COMMON_BLOCKS = YES;
				GCC_WARN_64_TO_32_BIT_CONVERSION = YES;
				GCC_WARN_ABOUT_RETURN_TYPE = YES_ERROR;
				GCC_WARN_UNDECLARED_SELECTOR = YES;
				GCC_WARN_UNINITIALIZED_AUTOS = YES_AGGRESSIVE;
				GCC_WARN_UNUSED_FUNCTION = YES;
				GCC_WARN_UNUSED_VARIABLE = YES;
				IPHONEOS_DEPLOYMENT_TARGET = 17.5;
				LOCALIZATION_PREFERS_STRING_CATALOGS = YES;
				MTL_ENABLE_DEBUG_INFO = NO;
				MTL_FAST_MATH = YES;
				SDKROOT = iphoneos;
				SWIFT_COMPILATION_MODE = wholemodule;
				VALIDATE_PRODUCT = YES;
			};
			name = Release;
		};
		A1779F7A2DACAA2F006BCC9E /* Debug */ = {
			isa = XCBuildConfiguration;
			buildSettings = {
				ASSETCATALOG_COMPILER_APPICON_NAME = AppIcon;
				ASSETCATALOG_COMPILER_GLOBAL_ACCENT_COLOR_NAME = AccentColor;
				CODE_SIGN_STYLE = Automatic;
				CURRENT_PROJECT_VERSION = 1;
				GENERATE_INFOPLIST_FILE = YES;
				INFOPLIST_FILE = JYYQToolBox/Info.plist;
				INFOPLIST_KEY_UIApplicationSupportsIndirectInputEvents = YES;
				INFOPLIST_KEY_UILaunchStoryboardName = LaunchScreen;
				INFOPLIST_KEY_UIMainStoryboardFile = Main;
				INFOPLIST_KEY_UISupportedInterfaceOrientations_iPad = "UIInterfaceOrientationPortrait UIInterfaceOrientationPortraitUpsideDown UIInterfaceOrientationLandscapeLeft UIInterfaceOrientationLandscapeRight";
				INFOPLIST_KEY_UISupportedInterfaceOrientations_iPhone = "UIInterfaceOrientationPortrait UIInterfaceOrientationLandscapeLeft UIInterfaceOrientationLandscapeRight";
				LD_RUNPATH_SEARCH_PATHS = (
					"$(inherited)",
					"@executable_path/Frameworks",
				);
				MARKETING_VERSION = 1.0;
				PRODUCT_BUNDLE_IDENTIFIER = com.JYYQ.JYYQToolBox;
				PRODUCT_NAME = "$(TARGET_NAME)";
				SWIFT_EMIT_LOC_STRINGS = YES;
				SWIFT_VERSION = 5.0;
				TARGETED_DEVICE_FAMILY = "1,2";
			};
			name = Debug;
		};
		A1779F7B2DACAA2F006BCC9E /* Release */ = {
			isa = XCBuildConfiguration;
			buildSettings = {
				ASSETCATALOG_COMPILER_APPICON_NAME = AppIcon;
				ASSETCATALOG_COMPILER_GLOBAL_ACCENT_COLOR_NAME = AccentColor;
				CODE_SIGN_STYLE = Automatic;
				CURRENT_PROJECT_VERSION = 1;
				GENERATE_INFOPLIST_FILE = YES;
				INFOPLIST_FILE = JYYQToolBox/Info.plist;
				INFOPLIST_KEY_UIApplicationSupportsIndirectInputEvents = YES;
				INFOPLIST_KEY_UILaunchStoryboardName = LaunchScreen;
				INFOPLIST_KEY_UIMainStoryboardFile = Main;
				INFOPLIST_KEY_UISupportedInterfaceOrientations_iPad = "UIInterfaceOrientationPortrait UIInterfaceOrientationPortraitUpsideDown UIInterfaceOrientationLandscapeLeft UIInterfaceOrientationLandscapeRight";
				INFOPLIST_KEY_UISupportedInterfaceOrientations_iPhone = "UIInterfaceOrientationPortrait UIInterfaceOrientationLandscapeLeft UIInterfaceOrientationLandscapeRight";
				LD_RUNPATH_SEARCH_PATHS = (
					"$(inherited)",
					"@executable_path/Frameworks",
				);
				MARKETING_VERSION = 1.0;
				PRODUCT_BUNDLE_IDENTIFIER = com.JYYQ.JYYQToolBox;
				PRODUCT_NAME = "$(TARGET_NAME)";
				SWIFT_EMIT_LOC_STRINGS = YES;
				SWIFT_VERSION = 5.0;
				TARGETED_DEVICE_FAMILY = "1,2";
			};
			name = Release;
		};
/* End XCBuildConfiguration section */

/* Begin XCConfigurationList section */
		A1779F602DACAA2E006BCC9E /* Build configuration list for PBXProject "JYYQToolBox" */ = {
			isa = XCConfigurationList;
			buildConfigurations = (
				A1779F772DACAA2F006BCC9E /* Debug */,
				A1779F782DACAA2F006BCC9E /* Release */,
			);
			defaultConfigurationIsVisible = 0;
			defaultConfigurationName = Release;
		};
		A1779F792DACAA2F006BCC9E /* Build configuration list for PBXNativeTarget "JYYQToolBox" */ = {
			isa = XCConfigurationList;
			buildConfigurations = (
				A1779F7A2DACAA2F006BCC9E /* Debug */,
				A1779F7B2DACAA2F006BCC9E /* Release */,
			);
			defaultConfigurationIsVisible = 0;
			defaultConfigurationName = Release;
		};
/* End XCConfigurationList section */
	};
	rootObject = A1779F5D2DACAA2E006BCC9E /* Project object */;
}
