// !$*UTF8*$!
{
	archiveVersion = 1;
	classes = {
	};
	objectVersion = 56;
	objects = {

/* Begin PBXBuildFile section */
		A1593C232DAE2EB400C04D37 /* JY_Base_Controller.swift in Sources */ = {isa = PBXBuildFile; fileRef = A1593BED2DAE2EB400C04D37 /* JY_Base_Controller.swift */; };
		A1593C242DAE2EB400C04D37 /* JY_Base_Loading_View.swift in Sources */ = {isa = PBXBuildFile; fileRef = A1593BEE2DAE2EB400C04D37 /* JY_Base_Loading_View.swift */; };
		A1593C252DAE2EB400C04D37 /* JY_Controller_Config.swift in Sources */ = {isa = PBXBuildFile; fileRef = A1593BEF2DAE2EB400C04D37 /* JY_Controller_Config.swift */; };
		A1593C262DAE2EB400C04D37 /* JY_Enum_BaseController_Status.swift in Sources */ = {isa = PBXBuildFile; fileRef = A1593BF02DAE2EB400C04D37 /* JY_Enum_BaseController_Status.swift */; };
		A1593C272DAE2EB400C04D37 /* JY_Status_View.swift in Sources */ = {isa = PBXBuildFile; fileRef = A1593BF12DAE2EB400C04D37 /* JY_Status_View.swift */; };
		A1593C282DAE2EB400C04D37 /* JY_Controller_Manager.swift in Sources */ = {isa = PBXBuildFile; fileRef = A1593BF32DAE2EB400C04D37 /* JY_Controller_Manager.swift */; };
		A1593C292DAE2EB400C04D37 /* BaseController 说明.md in Resources */ = {isa = PBXBuildFile; fileRef = A1593BF52DAE2EB400C04D37 /* BaseController 说明.md */; };
		A1593C2A2DAE2EB400C04D37 /* JY_Date_Tool.swift in Sources */ = {isa = PBXBuildFile; fileRef = A1593BF72DAE2EB400C04D37 /* JY_Date_Tool.swift */; };
		A1593C2B2DAE2EB400C04D37 /* JY_Date_Tool+dateFormat.swift in Sources */ = {isa = PBXBuildFile; fileRef = A1593BF82DAE2EB400C04D37 /* JY_Date_Tool+dateFormat.swift */; };
		A1593C2C2DAE2EB400C04D37 /* JY_Date_Tool+Distance_Now.swift in Sources */ = {isa = PBXBuildFile; fileRef = A1593BF92DAE2EB400C04D37 /* JY_Date_Tool+Distance_Now.swift */; };
		A1593C2D2DAE2EB400C04D37 /* Extension 说明.md in Resources */ = {isa = PBXBuildFile; fileRef = A1593BFB2DAE2EB400C04D37 /* Extension 说明.md */; };
		A1593C2E2DAE2EB400C04D37 /* JY_Extension_CommonCrypto.swift in Sources */ = {isa = PBXBuildFile; fileRef = A1593BFC2DAE2EB400C04D37 /* JY_Extension_CommonCrypto.swift */; };
		A1593C2F2DAE2EB400C04D37 /* JY_Extension_Int.swift in Sources */ = {isa = PBXBuildFile; fileRef = A1593BFD2DAE2EB400C04D37 /* JY_Extension_Int.swift */; };
		A1593C302DAE2EB400C04D37 /* JY_Extension_String.swift in Sources */ = {isa = PBXBuildFile; fileRef = A1593BFE2DAE2EB400C04D37 /* JY_Extension_String.swift */; };
		A1593C312DAE2EB400C04D37 /* JY_Extension_UIApplication.swift in Sources */ = {isa = PBXBuildFile; fileRef = A1593BFF2DAE2EB400C04D37 /* JY_Extension_UIApplication.swift */; };
		A1593C322DAE2EB400C04D37 /* JY_Extension_UIColor.swift in Sources */ = {isa = PBXBuildFile; fileRef = A1593C002DAE2EB400C04D37 /* JY_Extension_UIColor.swift */; };
		A1593C332DAE2EB400C04D37 /* JY_Extension_UIFont.swift in Sources */ = {isa = PBXBuildFile; fileRef = A1593C012DAE2EB400C04D37 /* JY_Extension_UIFont.swift */; };
		A1593C342DAE2EB400C04D37 /* JY_Extension_UIImage.swift in Sources */ = {isa = PBXBuildFile; fileRef = A1593C022DAE2EB400C04D37 /* JY_Extension_UIImage.swift */; };
		A1593C352DAE2EB400C04D37 /* JY_Extension_UIWindow.swift in Sources */ = {isa = PBXBuildFile; fileRef = A1593C032DAE2EB400C04D37 /* JY_Extension_UIWindow.swift */; };
		A1593C362DAE2EB400C04D37 /* JY_File_Manager.swift in Sources */ = {isa = PBXBuildFile; fileRef = A1593C052DAE2EB400C04D37 /* JY_File_Manager.swift */; };
		A1593C372DAE2EB400C04D37 /* JY_File_Manager+Image_Save.swift in Sources */ = {isa = PBXBuildFile; fileRef = A1593C062DAE2EB400C04D37 /* JY_File_Manager+Image_Save.swift */; };
		A1593C382DAE2EB400C04D37 /* JY_Json_Tool.swift in Sources */ = {isa = PBXBuildFile; fileRef = A1593C082DAE2EB400C04D37 /* JY_Json_Tool.swift */; };
		A1593C392DAE2EB400C04D37 /* JY_Enum_Language.swift in Sources */ = {isa = PBXBuildFile; fileRef = A1593C0A2DAE2EB400C04D37 /* JY_Enum_Language.swift */; };
		A1593C3A2DAE2EB400C04D37 /* JY_Localization_Tool_Extension.swift in Sources */ = {isa = PBXBuildFile; fileRef = A1593C0B2DAE2EB400C04D37 /* JY_Localization_Tool_Extension.swift */; };
		A1593C3B2DAE2EB400C04D37 /* JY_Localization_Tool.md in Resources */ = {isa = PBXBuildFile; fileRef = A1593C0C2DAE2EB400C04D37 /* JY_Localization_Tool.md */; };
		A1593C3C2DAE2EB400C04D37 /* JY_Localization_Tool.swift in Sources */ = {isa = PBXBuildFile; fileRef = A1593C0D2DAE2EB400C04D37 /* JY_Localization_Tool.swift */; };
		A1593C3D2DAE2EB400C04D37 /* JY_Sandbox_Tool_Cache.swift in Sources */ = {isa = PBXBuildFile; fileRef = A1593C0F2DAE2EB400C04D37 /* JY_Sandbox_Tool_Cache.swift */; };
		A1593C3E2DAE2EB400C04D37 /* JY_Sandbox_Tool_Path.swift in Sources */ = {isa = PBXBuildFile; fileRef = A1593C102DAE2EB400C04D37 /* JY_Sandbox_Tool_Path.swift */; };
		A1593C3F2DAE2EB400C04D37 /* JY_Sandbox_Tool.swift in Sources */ = {isa = PBXBuildFile; fileRef = A1593C112DAE2EB400C04D37 /* JY_Sandbox_Tool.swift */; };
		A1593C402DAE2EB400C04D37 /* JY_Device.swift in Sources */ = {isa = PBXBuildFile; fileRef = A1593C132DAE2EB400C04D37 /* JY_Device.swift */; };
		A1593C412DAE2EB400C04D37 /* JY_Extension_UIDevice.swift in Sources */ = {isa = PBXBuildFile; fileRef = A1593C142DAE2EB400C04D37 /* JY_Extension_UIDevice.swift */; };
		A1593C422DAE2EB400C04D37 /* JY_Extension_UIScreen.swift in Sources */ = {isa = PBXBuildFile; fileRef = A1593C152DAE2EB400C04D37 /* JY_Extension_UIScreen.swift */; };
		A1593C432DAE2EB400C04D37 /* Screen 说明.md in Resources */ = {isa = PBXBuildFile; fileRef = A1593C162DAE2EB400C04D37 /* Screen 说明.md */; };
		A1593C442DAE2EB400C04D37 /* JY_Button.swift in Sources */ = {isa = PBXBuildFile; fileRef = A1593C182DAE2EB400C04D37 /* JY_Button.swift */; };
		A1593C452DAE2EB400C04D37 /* JY_ImageView.swift in Sources */ = {isa = PBXBuildFile; fileRef = A1593C192DAE2EB400C04D37 /* JY_ImageView.swift */; };
		A1593C462DAE2EB400C04D37 /* JY_Label.swift in Sources */ = {isa = PBXBuildFile; fileRef = A1593C1A2DAE2EB400C04D37 /* JY_Label.swift */; };
		A1593C472DAE2EB400C04D37 /* JY_ScrollView.swift in Sources */ = {isa = PBXBuildFile; fileRef = A1593C1B2DAE2EB400C04D37 /* JY_ScrollView.swift */; };
		A1593C482DAE2EB400C04D37 /* JY_View.swift in Sources */ = {isa = PBXBuildFile; fileRef = A1593C1C2DAE2EB400C04D37 /* JY_View.swift */; };
		A1593C492DAE2EB400C04D37 /* JY_TextField.swift in Sources */ = {isa = PBXBuildFile; fileRef = A1593C1E2DAE2EB400C04D37 /* JY_TextField.swift */; };
		A1593C4A2DAE2EB400C04D37 /* TextField 说明.md in Resources */ = {isa = PBXBuildFile; fileRef = A1593C1F2DAE2EB400C04D37 /* TextField 说明.md */; };
		A1779F692DACAA2E006BCC9E /* AppDelegate.swift in Sources */ = {isa = PBXBuildFile; fileRef = A1779F682DACAA2E006BCC9E /* AppDelegate.swift */; };
		A1779F6B2DACAA2E006BCC9E /* SceneDelegate.swift in Sources */ = {isa = PBXBuildFile; fileRef = A1779F6A2DACAA2E006BCC9E /* SceneDelegate.swift */; };
		A1779F6D2DACAA2E006BCC9E /* ViewController.swift in Sources */ = {isa = PBXBuildFile; fileRef = A1779F6C2DACAA2E006BCC9E /* ViewController.swift */; };
		A1779F702DACAA2E006BCC9E /* Base in Resources */ = {isa = PBXBuildFile; fileRef = A1779F6F2DACAA2E006BCC9E /* Base */; };
		A1779F722DACAA2F006BCC9E /* Assets.xcassets in Resources */ = {isa = PBXBuildFile; fileRef = A1779F712DACAA2F006BCC9E /* Assets.xcassets */; };
		A1779F752DACAA2F006BCC9E /* Base in Resources */ = {isa = PBXBuildFile; fileRef = A1779F742DACAA2F006BCC9E /* Base */; };
/* End PBXBuildFile section */

/* Begin PBXFileReference section */
		A1593BED2DAE2EB400C04D37 /* JY_Base_Controller.swift */ = {isa = PBXFileReference; fileEncoding = 4; lastKnownFileType = sourcecode.swift; path = JY_Base_Controller.swift; sourceTree = "<group>"; };
		A1593BEE2DAE2EB400C04D37 /* JY_Base_Loading_View.swift */ = {isa = PBXFileReference; fileEncoding = 4; lastKnownFileType = sourcecode.swift; path = JY_Base_Loading_View.swift; sourceTree = "<group>"; };
		A1593BEF2DAE2EB400C04D37 /* JY_Controller_Config.swift */ = {isa = PBXFileReference; fileEncoding = 4; lastKnownFileType = sourcecode.swift; path = JY_Controller_Config.swift; sourceTree = "<group>"; };
		A1593BF02DAE2EB400C04D37 /* JY_Enum_BaseController_Status.swift */ = {isa = PBXFileReference; fileEncoding = 4; lastKnownFileType = sourcecode.swift; path = JY_Enum_BaseController_Status.swift; sourceTree = "<group>"; };
		A1593BF12DAE2EB400C04D37 /* JY_Status_View.swift */ = {isa = PBXFileReference; fileEncoding = 4; lastKnownFileType = sourcecode.swift; path = JY_Status_View.swift; sourceTree = "<group>"; };
		A1593BF32DAE2EB400C04D37 /* JY_Controller_Manager.swift */ = {isa = PBXFileReference; fileEncoding = 4; lastKnownFileType = sourcecode.swift; path = JY_Controller_Manager.swift; sourceTree = "<group>"; };
		A1593BF52DAE2EB400C04D37 /* BaseController 说明.md */ = {isa = PBXFileReference; fileEncoding = 4; lastKnownFileType = net.daringfireball.markdown; path = "BaseController 说明.md"; sourceTree = "<group>"; };
		A1593BF72DAE2EB400C04D37 /* JY_Date_Tool.swift */ = {isa = PBXFileReference; fileEncoding = 4; lastKnownFileType = sourcecode.swift; path = JY_Date_Tool.swift; sourceTree = "<group>"; };
		A1593BF82DAE2EB400C04D37 /* JY_Date_Tool+dateFormat.swift */ = {isa = PBXFileReference; fileEncoding = 4; lastKnownFileType = sourcecode.swift; path = "JY_Date_Tool+dateFormat.swift"; sourceTree = "<group>"; };
		A1593BF92DAE2EB400C04D37 /* JY_Date_Tool+Distance_Now.swift */ = {isa = PBXFileReference; fileEncoding = 4; lastKnownFileType = sourcecode.swift; path = "JY_Date_Tool+Distance_Now.swift"; sourceTree = "<group>"; };
		A1593BFB2DAE2EB400C04D37 /* Extension 说明.md */ = {isa = PBXFileReference; fileEncoding = 4; lastKnownFileType = net.daringfireball.markdown; path = "Extension 说明.md"; sourceTree = "<group>"; };
		A1593BFC2DAE2EB400C04D37 /* JY_Extension_CommonCrypto.swift */ = {isa = PBXFileReference; fileEncoding = 4; lastKnownFileType = sourcecode.swift; path = JY_Extension_CommonCrypto.swift; sourceTree = "<group>"; };
		A1593BFD2DAE2EB400C04D37 /* JY_Extension_Int.swift */ = {isa = PBXFileReference; fileEncoding = 4; lastKnownFileType = sourcecode.swift; path = JY_Extension_Int.swift; sourceTree = "<group>"; };
		A1593BFE2DAE2EB400C04D37 /* JY_Extension_String.swift */ = {isa = PBXFileReference; fileEncoding = 4; lastKnownFileType = sourcecode.swift; path = JY_Extension_String.swift; sourceTree = "<group>"; };
		A1593BFF2DAE2EB400C04D37 /* JY_Extension_UIApplication.swift */ = {isa = PBXFileReference; fileEncoding = 4; lastKnownFileType = sourcecode.swift; path = JY_Extension_UIApplication.swift; sourceTree = "<group>"; };
		A1593C002DAE2EB400C04D37 /* JY_Extension_UIColor.swift */ = {isa = PBXFileReference; fileEncoding = 4; lastKnownFileType = sourcecode.swift; path = JY_Extension_UIColor.swift; sourceTree = "<group>"; };
		A1593C012DAE2EB400C04D37 /* JY_Extension_UIFont.swift */ = {isa = PBXFileReference; fileEncoding = 4; lastKnownFileType = sourcecode.swift; path = JY_Extension_UIFont.swift; sourceTree = "<group>"; };
		A1593C022DAE2EB400C04D37 /* JY_Extension_UIImage.swift */ = {isa = PBXFileReference; fileEncoding = 4; lastKnownFileType = sourcecode.swift; path = JY_Extension_UIImage.swift; sourceTree = "<group>"; };
		A1593C032DAE2EB400C04D37 /* JY_Extension_UIWindow.swift */ = {isa = PBXFileReference; fileEncoding = 4; lastKnownFileType = sourcecode.swift; path = JY_Extension_UIWindow.swift; sourceTree = "<group>"; };
		A1593C052DAE2EB400C04D37 /* JY_File_Manager.swift */ = {isa = PBXFileReference; fileEncoding = 4; lastKnownFileType = sourcecode.swift; path = JY_File_Manager.swift; sourceTree = "<group>"; };
		A1593C062DAE2EB400C04D37 /* JY_File_Manager+Image_Save.swift */ = {isa = PBXFileReference; fileEncoding = 4; lastKnownFileType = sourcecode.swift; path = "JY_File_Manager+Image_Save.swift"; sourceTree = "<group>"; };
		A1593C082DAE2EB400C04D37 /* JY_Json_Tool.swift */ = {isa = PBXFileReference; fileEncoding = 4; lastKnownFileType = sourcecode.swift; path = JY_Json_Tool.swift; sourceTree = "<group>"; };
		A1593C0A2DAE2EB400C04D37 /* JY_Enum_Language.swift */ = {isa = PBXFileReference; fileEncoding = 4; lastKnownFileType = sourcecode.swift; path = JY_Enum_Language.swift; sourceTree = "<group>"; };
		A1593C0B2DAE2EB400C04D37 /* JY_Localization_Tool_Extension.swift */ = {isa = PBXFileReference; fileEncoding = 4; lastKnownFileType = sourcecode.swift; path = JY_Localization_Tool_Extension.swift; sourceTree = "<group>"; };
		A1593C0C2DAE2EB400C04D37 /* JY_Localization_Tool.md */ = {isa = PBXFileReference; fileEncoding = 4; lastKnownFileType = net.daringfireball.markdown; path = JY_Localization_Tool.md; sourceTree = "<group>"; };
		A1593C0D2DAE2EB400C04D37 /* JY_Localization_Tool.swift */ = {isa = PBXFileReference; fileEncoding = 4; lastKnownFileType = sourcecode.swift; path = JY_Localization_Tool.swift; sourceTree = "<group>"; };
		A1593C0F2DAE2EB400C04D37 /* JY_Sandbox_Tool_Cache.swift */ = {isa = PBXFileReference; fileEncoding = 4; lastKnownFileType = sourcecode.swift; path = JY_Sandbox_Tool_Cache.swift; sourceTree = "<group>"; };
		A1593C102DAE2EB400C04D37 /* JY_Sandbox_Tool_Path.swift */ = {isa = PBXFileReference; fileEncoding = 4; lastKnownFileType = sourcecode.swift; path = JY_Sandbox_Tool_Path.swift; sourceTree = "<group>"; };
		A1593C112DAE2EB400C04D37 /* JY_Sandbox_Tool.swift */ = {isa = PBXFileReference; fileEncoding = 4; lastKnownFileType = sourcecode.swift; path = JY_Sandbox_Tool.swift; sourceTree = "<group>"; };
		A1593C132DAE2EB400C04D37 /* JY_Device.swift */ = {isa = PBXFileReference; fileEncoding = 4; lastKnownFileType = sourcecode.swift; path = JY_Device.swift; sourceTree = "<group>"; };
		A1593C142DAE2EB400C04D37 /* JY_Extension_UIDevice.swift */ = {isa = PBXFileReference; fileEncoding = 4; lastKnownFileType = sourcecode.swift; path = JY_Extension_UIDevice.swift; sourceTree = "<group>"; };
		A1593C152DAE2EB400C04D37 /* JY_Extension_UIScreen.swift */ = {isa = PBXFileReference; fileEncoding = 4; lastKnownFileType = sourcecode.swift; path = JY_Extension_UIScreen.swift; sourceTree = "<group>"; };
		A1593C162DAE2EB400C04D37 /* Screen 说明.md */ = {isa = PBXFileReference; fileEncoding = 4; lastKnownFileType = net.daringfireball.markdown; path = "Screen 说明.md"; sourceTree = "<group>"; };
		A1593C182DAE2EB400C04D37 /* JY_Button.swift */ = {isa = PBXFileReference; fileEncoding = 4; lastKnownFileType = sourcecode.swift; path = JY_Button.swift; sourceTree = "<group>"; };
		A1593C192DAE2EB400C04D37 /* JY_ImageView.swift */ = {isa = PBXFileReference; fileEncoding = 4; lastKnownFileType = sourcecode.swift; path = JY_ImageView.swift; sourceTree = "<group>"; };
		A1593C1A2DAE2EB400C04D37 /* JY_Label.swift */ = {isa = PBXFileReference; fileEncoding = 4; lastKnownFileType = sourcecode.swift; path = JY_Label.swift; sourceTree = "<group>"; };
		A1593C1B2DAE2EB400C04D37 /* JY_ScrollView.swift */ = {isa = PBXFileReference; fileEncoding = 4; lastKnownFileType = sourcecode.swift; path = JY_ScrollView.swift; sourceTree = "<group>"; };
		A1593C1C2DAE2EB400C04D37 /* JY_View.swift */ = {isa = PBXFileReference; fileEncoding = 4; lastKnownFileType = sourcecode.swift; path = JY_View.swift; sourceTree = "<group>"; };
		A1593C1E2DAE2EB400C04D37 /* JY_TextField.swift */ = {isa = PBXFileReference; fileEncoding = 4; lastKnownFileType = sourcecode.swift; path = JY_TextField.swift; sourceTree = "<group>"; };
		A1593C1F2DAE2EB400C04D37 /* TextField 说明.md */ = {isa = PBXFileReference; fileEncoding = 4; lastKnownFileType = net.daringfireball.markdown; path = "TextField 说明.md"; sourceTree = "<group>"; };
		A1779F652DACAA2E006BCC9E /* JYYQToolBox.app */ = {isa = PBXFileReference; explicitFileType = wrapper.application; includeInIndex = 0; path = JYYQToolBox.app; sourceTree = BUILT_PRODUCTS_DIR; };
		A1779F682DACAA2E006BCC9E /* AppDelegate.swift */ = {isa = PBXFileReference; lastKnownFileType = sourcecode.swift; path = AppDelegate.swift; sourceTree = "<group>"; };
		A1779F6A2DACAA2E006BCC9E /* SceneDelegate.swift */ = {isa = PBXFileReference; lastKnownFileType = sourcecode.swift; path = SceneDelegate.swift; sourceTree = "<group>"; };
		A1779F6C2DACAA2E006BCC9E /* ViewController.swift */ = {isa = PBXFileReference; lastKnownFileType = sourcecode.swift; path = ViewController.swift; sourceTree = "<group>"; };
		A1779F6F2DACAA2E006BCC9E /* Base */ = {isa = PBXFileReference; lastKnownFileType = file.storyboard; name = Base; path = Base.lproj/Main.storyboard; sourceTree = "<group>"; };
		A1779F712DACAA2F006BCC9E /* Assets.xcassets */ = {isa = PBXFileReference; lastKnownFileType = folder.assetcatalog; path = Assets.xcassets; sourceTree = "<group>"; };
		A1779F742DACAA2F006BCC9E /* Base */ = {isa = PBXFileReference; lastKnownFileType = file.storyboard; name = Base; path = Base.lproj/LaunchScreen.storyboard; sourceTree = "<group>"; };
		A1779F762DACAA2F006BCC9E /* Info.plist */ = {isa = PBXFileReference; lastKnownFileType = text.plist.xml; path = Info.plist; sourceTree = "<group>"; };
/* End PBXFileReference section */

/* Begin PBXFrameworksBuildPhase section */
		A1779F622DACAA2E006BCC9E /* Frameworks */ = {
			isa = PBXFrameworksBuildPhase;
			buildActionMask = 2147483647;
			files = (
			);
			runOnlyForDeploymentPostprocessing = 0;
		};
/* End PBXFrameworksBuildPhase section */

/* Begin PBXGroup section */
		A1593BF22DAE2EB400C04D37 /* Controller */ = {
			isa = PBXGroup;
			children = (
				A1593BED2DAE2EB400C04D37 /* JY_Base_Controller.swift */,
				A1593BEE2DAE2EB400C04D37 /* JY_Base_Loading_View.swift */,
				A1593BEF2DAE2EB400C04D37 /* JY_Controller_Config.swift */,
				A1593BF02DAE2EB400C04D37 /* JY_Enum_BaseController_Status.swift */,
				A1593BF12DAE2EB400C04D37 /* JY_Status_View.swift */,
			);
			path = Controller;
			sourceTree = "<group>";
		};
		A1593BF42DAE2EB400C04D37 /* Manager */ = {
			isa = PBXGroup;
			children = (
				A1593BF32DAE2EB400C04D37 /* JY_Controller_Manager.swift */,
			);
			path = Manager;
			sourceTree = "<group>";
		};
		A1593BF62DAE2EB400C04D37 /* Controller */ = {
			isa = PBXGroup;
			children = (
				A1593BF22DAE2EB400C04D37 /* Controller */,
				A1593BF42DAE2EB400C04D37 /* Manager */,
				A1593BF52DAE2EB400C04D37 /* BaseController 说明.md */,
			);
			path = Controller;
			sourceTree = "<group>";
		};
		A1593BFA2DAE2EB400C04D37 /* Date */ = {
			isa = PBXGroup;
			children = (
				A1593BF72DAE2EB400C04D37 /* JY_Date_Tool.swift */,
				A1593BF82DAE2EB400C04D37 /* JY_Date_Tool+dateFormat.swift */,
				A1593BF92DAE2EB400C04D37 /* JY_Date_Tool+Distance_Now.swift */,
			);
			path = Date;
			sourceTree = "<group>";
		};
		A1593C042DAE2EB400C04D37 /* Extension */ = {
			isa = PBXGroup;
			children = (
				A1593BFB2DAE2EB400C04D37 /* Extension 说明.md */,
				A1593BFC2DAE2EB400C04D37 /* JY_Extension_CommonCrypto.swift */,
				A1593BFD2DAE2EB400C04D37 /* JY_Extension_Int.swift */,
				A1593BFE2DAE2EB400C04D37 /* JY_Extension_String.swift */,
				A1593BFF2DAE2EB400C04D37 /* JY_Extension_UIApplication.swift */,
				A1593C002DAE2EB400C04D37 /* JY_Extension_UIColor.swift */,
				A1593C012DAE2EB400C04D37 /* JY_Extension_UIFont.swift */,
				A1593C022DAE2EB400C04D37 /* JY_Extension_UIImage.swift */,
				A1593C032DAE2EB400C04D37 /* JY_Extension_UIWindow.swift */,
			);
			path = Extension;
			sourceTree = "<group>";
		};
		A1593C072DAE2EB400C04D37 /* FileManager */ = {
			isa = PBXGroup;
			children = (
				A1593C052DAE2EB400C04D37 /* JY_File_Manager.swift */,
				A1593C062DAE2EB400C04D37 /* JY_File_Manager+Image_Save.swift */,
			);
			path = FileManager;
			sourceTree = "<group>";
		};
		A1593C092DAE2EB400C04D37 /* JsonTool */ = {
			isa = PBXGroup;
			children = (
				A1593C082DAE2EB400C04D37 /* JY_Json_Tool.swift */,
			);
			path = JsonTool;
			sourceTree = "<group>";
		};
		A1593C0E2DAE2EB400C04D37 /* Localization */ = {
			isa = PBXGroup;
			children = (
				A1593C0A2DAE2EB400C04D37 /* JY_Enum_Language.swift */,
				A1593C0B2DAE2EB400C04D37 /* JY_Localization_Tool_Extension.swift */,
				A1593C0C2DAE2EB400C04D37 /* JY_Localization_Tool.md */,
				A1593C0D2DAE2EB400C04D37 /* JY_Localization_Tool.swift */,
			);
			path = Localization;
			sourceTree = "<group>";
		};
		A1593C122DAE2EB400C04D37 /* Sandbox */ = {
			isa = PBXGroup;
			children = (
				A1593C0F2DAE2EB400C04D37 /* JY_Sandbox_Tool_Cache.swift */,
				A1593C102DAE2EB400C04D37 /* JY_Sandbox_Tool_Path.swift */,
				A1593C112DAE2EB400C04D37 /* JY_Sandbox_Tool.swift */,
			);
			path = Sandbox;
			sourceTree = "<group>";
		};
		A1593C172DAE2EB400C04D37 /* Screen */ = {
			isa = PBXGroup;
			children = (
				A1593C132DAE2EB400C04D37 /* JY_Device.swift */,
				A1593C142DAE2EB400C04D37 /* JY_Extension_UIDevice.swift */,
				A1593C152DAE2EB400C04D37 /* JY_Extension_UIScreen.swift */,
				A1593C162DAE2EB400C04D37 /* Screen 说明.md */,
			);
			path = Screen;
			sourceTree = "<group>";
		};
		A1593C1D2DAE2EB400C04D37 /* Parent */ = {
			isa = PBXGroup;
			children = (
				A1593C182DAE2EB400C04D37 /* JY_Button.swift */,
				A1593C192DAE2EB400C04D37 /* JY_ImageView.swift */,
				A1593C1A2DAE2EB400C04D37 /* JY_Label.swift */,
				A1593C1B2DAE2EB400C04D37 /* JY_ScrollView.swift */,
				A1593C1C2DAE2EB400C04D37 /* JY_View.swift */,
			);
			path = Parent;
			sourceTree = "<group>";
		};
		A1593C202DAE2EB400C04D37 /* TextFiled */ = {
			isa = PBXGroup;
			children = (
				A1593C1E2DAE2EB400C04D37 /* JY_TextField.swift */,
				A1593C1F2DAE2EB400C04D37 /* TextField 说明.md */,
			);
			path = TextFiled;
			sourceTree = "<group>";
		};
		A1593C212DAE2EB400C04D37 /* View */ = {
			isa = PBXGroup;
			children = (
				A1593C1D2DAE2EB400C04D37 /* Parent */,
				A1593C202DAE2EB400C04D37 /* TextFiled */,
			);
			path = View;
			sourceTree = "<group>";
		};
		A1593C222DAE2EB400C04D37 /* ToolBox */ = {
			isa = PBXGroup;
			children = (
				A1593BF62DAE2EB400C04D37 /* Controller */,
				A1593BFA2DAE2EB400C04D37 /* Date */,
				A1593C042DAE2EB400C04D37 /* Extension */,
				A1593C072DAE2EB400C04D37 /* FileManager */,
				A1593C092DAE2EB400C04D37 /* JsonTool */,
				A1593C0E2DAE2EB400C04D37 /* Localization */,
				A1593C122DAE2EB400C04D37 /* Sandbox */,
				A1593C172DAE2EB400C04D37 /* Screen */,
				A1593C212DAE2EB400C04D37 /* View */,
			);
			name = ToolBox;
			path = ../../ToolBox;
			sourceTree = "<group>";
		};
		A1779F5C2DACAA2E006BCC9E = {
			isa = PBXGroup;
			children = (
				A1779F672DACAA2E006BCC9E /* JYYQToolBox */,
				A1779F662DACAA2E006BCC9E /* Products */,
			);
			sourceTree = "<group>";
		};
		A1779F662DACAA2E006BCC9E /* Products */ = {
			isa = PBXGroup;
			children = (
				A1779F652DACAA2E006BCC9E /* JYYQToolBox.app */,
			);
			name = Products;
			sourceTree = "<group>";
		};
		A1779F672DACAA2E006BCC9E /* JYYQToolBox */ = {
			isa = PBXGroup;
			children = (
				A1593C222DAE2EB400C04D37 /* ToolBox */,
				A1779F682DACAA2E006BCC9E /* AppDelegate.swift */,
				A1779F6A2DACAA2E006BCC9E /* SceneDelegate.swift */,
				A1779F6C2DACAA2E006BCC9E /* ViewController.swift */,
				A1779F6E2DACAA2E006BCC9E /* Main.storyboard */,
				A1779F712DACAA2F006BCC9E /* Assets.xcassets */,
				A1779F732DACAA2F006BCC9E /* LaunchScreen.storyboard */,
				A1779F762DACAA2F006BCC9E /* Info.plist */,
			);
			path = JYYQToolBox;
			sourceTree = "<group>";
		};
/* End PBXGroup section */

/* Begin PBXNativeTarget section */
		A1779F642DACAA2E006BCC9E /* JYYQToolBox */ = {
			isa = PBXNativeTarget;
			buildConfigurationList = A1779F792DACAA2F006BCC9E /* Build configuration list for PBXNativeTarget "JYYQToolBox" */;
			buildPhases = (
				A1779F612DACAA2E006BCC9E /* Sources */,
				A1779F622DACAA2E006BCC9E /* Frameworks */,
				A1779F632DACAA2E006BCC9E /* Resources */,
			);
			buildRules = (
			);
			dependencies = (
			);
			name = JYYQToolBox;
			productName = JYYQToolBox;
			productReference = A1779F652DACAA2E006BCC9E /* JYYQToolBox.app */;
			productType = "com.apple.product-type.application";
		};
/* End PBXNativeTarget section */

/* Begin PBXProject section */
		A1779F5D2DACAA2E006BCC9E /* Project object */ = {
			isa = PBXProject;
			attributes = {
				BuildIndependentTargetsInParallel = 1;
				LastSwiftUpdateCheck = 1540;
				LastUpgradeCheck = 1540;
				TargetAttributes = {
					A1779F642DACAA2E006BCC9E = {
						CreatedOnToolsVersion = 15.4;
					};
				};
			};
			buildConfigurationList = A1779F602DACAA2E006BCC9E /* Build configuration list for PBXProject "JYYQToolBox" */;
			compatibilityVersion = "Xcode 14.0";
			developmentRegion = en;
			hasScannedForEncodings = 0;
			knownRegions = (
				en,
				Base,
			);
			mainGroup = A1779F5C2DACAA2E006BCC9E;
			productRefGroup = A1779F662DACAA2E006BCC9E /* Products */;
			projectDirPath = "";
			projectRoot = "";
			targets = (
				A1779F642DACAA2E006BCC9E /* JYYQToolBox */,
			);
		};
/* End PBXProject section */

/* Begin PBXResourcesBuildPhase section */
		A1779F632DACAA2E006BCC9E /* Resources */ = {
			isa = PBXResourcesBuildPhase;
			buildActionMask = 2147483647;
			files = (
				A1593C3B2DAE2EB400C04D37 /* JY_Localization_Tool.md in Resources */,
				A1593C4A2DAE2EB400C04D37 /* TextField 说明.md in Resources */,
				A1593C292DAE2EB400C04D37 /* BaseController 说明.md in Resources */,
				A1593C432DAE2EB400C04D37 /* Screen 说明.md in Resources */,
				A1779F722DACAA2F006BCC9E /* Assets.xcassets in Resources */,
				A1593C2D2DAE2EB400C04D37 /* Extension 说明.md in Resources */,
				A1779F752DACAA2F006BCC9E /* Base in Resources */,
				A1779F702DACAA2E006BCC9E /* Base in Resources */,
			);
			runOnlyForDeploymentPostprocessing = 0;
		};
/* End PBXResourcesBuildPhase section */

/* Begin PBXSourcesBuildPhase section */
		A1779F612DACAA2E006BCC9E /* Sources */ = {
			isa = PBXSourcesBuildPhase;
			buildActionMask = 2147483647;
			files = (
				A1593C2E2DAE2EB400C04D37 /* JY_Extension_CommonCrypto.swift in Sources */,
				A1593C2C2DAE2EB400C04D37 /* JY_Date_Tool+Distance_Now.swift in Sources */,
				A1593C2A2DAE2EB400C04D37 /* JY_Date_Tool.swift in Sources */,
				A1593C392DAE2EB400C04D37 /* JY_Enum_Language.swift in Sources */,
				A1593C402DAE2EB400C04D37 /* JY_Device.swift in Sources */,
				A1593C342DAE2EB400C04D37 /* JY_Extension_UIImage.swift in Sources */,
				A1593C372DAE2EB400C04D37 /* JY_File_Manager+Image_Save.swift in Sources */,
				A1593C252DAE2EB400C04D37 /* JY_Controller_Config.swift in Sources */,
				A1593C302DAE2EB400C04D37 /* JY_Extension_String.swift in Sources */,
				A1593C332DAE2EB400C04D37 /* JY_Extension_UIFont.swift in Sources */,
				A1593C282DAE2EB400C04D37 /* JY_Controller_Manager.swift in Sources */,
				A1593C362DAE2EB400C04D37 /* JY_File_Manager.swift in Sources */,
				A1593C3E2DAE2EB400C04D37 /* JY_Sandbox_Tool_Path.swift in Sources */,
				A1593C312DAE2EB400C04D37 /* JY_Extension_UIApplication.swift in Sources */,
				A1593C242DAE2EB400C04D37 /* JY_Base_Loading_View.swift in Sources */,
				A1593C3C2DAE2EB400C04D37 /* JY_Localization_Tool.swift in Sources */,
				A1779F6D2DACAA2E006BCC9E /* ViewController.swift in Sources */,
				A1593C3F2DAE2EB400C04D37 /* JY_Sandbox_Tool.swift in Sources */,
				A1593C422DAE2EB400C04D37 /* JY_Extension_UIScreen.swift in Sources */,
				A1593C2B2DAE2EB400C04D37 /* JY_Date_Tool+dateFormat.swift in Sources */,
				A1593C262DAE2EB400C04D37 /* JY_Enum_BaseController_Status.swift in Sources */,
				A1593C322DAE2EB400C04D37 /* JY_Extension_UIColor.swift in Sources */,
				A1593C462DAE2EB400C04D37 /* JY_Label.swift in Sources */,
				A1593C382DAE2EB400C04D37 /* JY_Json_Tool.swift in Sources */,
				A1593C3D2DAE2EB400C04D37 /* JY_Sandbox_Tool_Cache.swift in Sources */,
				A1593C412DAE2EB400C04D37 /* JY_Extension_UIDevice.swift in Sources */,
				A1593C452DAE2EB400C04D37 /* JY_ImageView.swift in Sources */,
				A1593C3A2DAE2EB400C04D37 /* JY_Localization_Tool_Extension.swift in Sources */,
				A1593C352DAE2EB400C04D37 /* JY_Extension_UIWindow.swift in Sources */,
				A1593C482DAE2EB400C04D37 /* JY_View.swift in Sources */,
				A1779F692DACAA2E006BCC9E /* AppDelegate.swift in Sources */,
				A1593C472DAE2EB400C04D37 /* JY_ScrollView.swift in Sources */,
				A1593C2F2DAE2EB400C04D37 /* JY_Extension_Int.swift in Sources */,
				A1593C442DAE2EB400C04D37 /* JY_Button.swift in Sources */,
				A1593C492DAE2EB400C04D37 /* JY_TextField.swift in Sources */,
				A1779F6B2DACAA2E006BCC9E /* SceneDelegate.swift in Sources */,
				A1593C232DAE2EB400C04D37 /* JY_Base_Controller.swift in Sources */,
				A1593C272DAE2EB400C04D37 /* JY_Status_View.swift in Sources */,
			);
			runOnlyForDeploymentPostprocessing = 0;
		};
/* End PBXSourcesBuildPhase section */

/* Begin PBXVariantGroup section */
		A1779F6E2DACAA2E006BCC9E /* Main.storyboard */ = {
			isa = PBXVariantGroup;
			children = (
				A1779F6F2DACAA2E006BCC9E /* Base */,
			);
			name = Main.storyboard;
			sourceTree = "<group>";
		};
		A1779F732DACAA2F006BCC9E /* LaunchScreen.storyboard */ = {
			isa = PBXVariantGroup;
			children = (
				A1779F742DACAA2F006BCC9E /* Base */,
			);
			name = LaunchScreen.storyboard;
			sourceTree = "<group>";
		};
/* End PBXVariantGroup section */

/* Begin XCBuildConfiguration section */
		A1779F772DACAA2F006BCC9E /* Debug */ = {
			isa = XCBuildConfiguration;
			buildSettings = {
				ALWAYS_SEARCH_USER_PATHS = NO;
				ASSETCATALOG_COMPILER_GENERATE_SWIFT_ASSET_SYMBOL_EXTENSIONS = YES;
				CLANG_ANALYZER_NONNULL = YES;
				CLANG_ANALYZER_NUMBER_OBJECT_CONVERSION = YES_AGGRESSIVE;
				CLANG_CXX_LANGUAGE_STANDARD = "gnu++20";
				CLANG_ENABLE_MODULES = YES;
				CLANG_ENABLE_OBJC_ARC = YES;
				CLANG_ENABLE_OBJC_WEAK = YES;
				CLANG_WARN_BLOCK_CAPTURE_AUTORELEASING = YES;
				CLANG_WARN_BOOL_CONVERSION = YES;
				CLANG_WARN_COMMA = YES;
				CLANG_WARN_CONSTANT_CONVERSION = YES;
				CLANG_WARN_DEPRECATED_OBJC_IMPLEMENTATIONS = YES;
				CLANG_WARN_DIRECT_OBJC_ISA_USAGE = YES_ERROR;
				CLANG_WARN_DOCUMENTATION_COMMENTS = YES;
				CLANG_WARN_EMPTY_BODY = YES;
				CLANG_WARN_ENUM_CONVERSION = YES;
				CLANG_WARN_INFINITE_RECURSION = YES;
				CLANG_WARN_INT_CONVERSION = YES;
				CLANG_WARN_NON_LITERAL_NULL_CONVERSION = YES;
				CLANG_WARN_OBJC_IMPLICIT_RETAIN_SELF = YES;
				CLANG_WARN_OBJC_LITERAL_CONVERSION = YES;
				CLANG_WARN_OBJC_ROOT_CLASS = YES_ERROR;
				CLANG_WARN_QUOTED_INCLUDE_IN_FRAMEWORK_HEADER = YES;
				CLANG_WARN_RANGE_LOOP_ANALYSIS = YES;
				CLANG_WARN_STRICT_PROTOTYPES = YES;
				CLANG_WARN_SUSPICIOUS_MOVE = YES;
				CLANG_WARN_UNGUARDED_AVAILABILITY = YES_AGGRESSIVE;
				CLANG_WARN_UNREACHABLE_CODE = YES;
				CLANG_WARN__DUPLICATE_METHOD_MATCH = YES;
				COPY_PHASE_STRIP = NO;
				DEBUG_INFORMATION_FORMAT = dwarf;
				ENABLE_STRICT_OBJC_MSGSEND = YES;
				ENABLE_TESTABILITY = YES;
				ENABLE_USER_SCRIPT_SANDBOXING = YES;
				GCC_C_LANGUAGE_STANDARD = gnu17;
				GCC_DYNAMIC_NO_PIC = NO;
				GCC_NO_COMMON_BLOCKS = YES;
				GCC_OPTIMIZATION_LEVEL = 0;
				GCC_PREPROCESSOR_DEFINITIONS = (
					"DEBUG=1",
					"$(inherited)",
				);
				GCC_WARN_64_TO_32_BIT_CONVERSION = YES;
				GCC_WARN_ABOUT_RETURN_TYPE = YES_ERROR;
				GCC_WARN_UNDECLARED_SELECTOR = YES;
				GCC_WARN_UNINITIALIZED_AUTOS = YES_AGGRESSIVE;
				GCC_WARN_UNUSED_FUNCTION = YES;
				GCC_WARN_UNUSED_VARIABLE = YES;
				IPHONEOS_DEPLOYMENT_TARGET = 17.5;
				LOCALIZATION_PREFERS_STRING_CATALOGS = YES;
				MTL_ENABLE_DEBUG_INFO = INCLUDE_SOURCE;
				MTL_FAST_MATH = YES;
				ONLY_ACTIVE_ARCH = YES;
				SDKROOT = iphoneos;
				SWIFT_ACTIVE_COMPILATION_CONDITIONS = "DEBUG $(inherited)";
				SWIFT_OPTIMIZATION_LEVEL = "-Onone";
			};
			name = Debug;
		};
		A1779F782DACAA2F006BCC9E /* Release */ = {
			isa = XCBuildConfiguration;
			buildSettings = {
				ALWAYS_SEARCH_USER_PATHS = NO;
				ASSETCATALOG_COMPILER_GENERATE_SWIFT_ASSET_SYMBOL_EXTENSIONS = YES;
				CLANG_ANALYZER_NONNULL = YES;
				CLANG_ANALYZER_NUMBER_OBJECT_CONVERSION = YES_AGGRESSIVE;
				CLANG_CXX_LANGUAGE_STANDARD = "gnu++20";
				CLANG_ENABLE_MODULES = YES;
				CLANG_ENABLE_OBJC_ARC = YES;
				CLANG_ENABLE_OBJC_WEAK = YES;
				CLANG_WARN_BLOCK_CAPTURE_AUTORELEASING = YES;
				CLANG_WARN_BOOL_CONVERSION = YES;
				CLANG_WARN_COMMA = YES;
				CLANG_WARN_CONSTANT_CONVERSION = YES;
				CLANG_WARN_DEPRECATED_OBJC_IMPLEMENTATIONS = YES;
				CLANG_WARN_DIRECT_OBJC_ISA_USAGE = YES_ERROR;
				CLANG_WARN_DOCUMENTATION_COMMENTS = YES;
				CLANG_WARN_EMPTY_BODY = YES;
				CLANG_WARN_ENUM_CONVERSION = YES;
				CLANG_WARN_INFINITE_RECURSION = YES;
				CLANG_WARN_INT_CONVERSION = YES;
				CLANG_WARN_NON_LITERAL_NULL_CONVERSION = YES;
				CLANG_WARN_OBJC_IMPLICIT_RETAIN_SELF = YES;
				CLANG_WARN_OBJC_LITERAL_CONVERSION = YES;
				CLANG_WARN_OBJC_ROOT_CLASS = YES_ERROR;
				CLANG_WARN_QUOTED_INCLUDE_IN_FRAMEWORK_HEADER = YES;
				CLANG_WARN_RANGE_LOOP_ANALYSIS = YES;
				CLANG_WARN_STRICT_PROTOTYPES = YES;
				CLANG_WARN_SUSPICIOUS_MOVE = YES;
				CLANG_WARN_UNGUARDED_AVAILABILITY = YES_AGGRESSIVE;
				CLANG_WARN_UNREACHABLE_CODE = YES;
				CLANG_WARN__DUPLICATE_METHOD_MATCH = YES;
				COPY_PHASE_STRIP = NO;
				DEBUG_INFORMATION_FORMAT = "dwarf-with-dsym";
				ENABLE_NS_ASSERTIONS = NO;
				ENABLE_STRICT_OBJC_MSGSEND = YES;
				ENABLE_USER_SCRIPT_SANDBOXING = YES;
				GCC_C_LANGUAGE_STANDARD = gnu17;
				GCC_NO_COMMON_BLOCKS = YES;
				GCC_WARN_64_TO_32_BIT_CONVERSION = YES;
				GCC_WARN_ABOUT_RETURN_TYPE = YES_ERROR;
				GCC_WARN_UNDECLARED_SELECTOR = YES;
				GCC_WARN_UNINITIALIZED_AUTOS = YES_AGGRESSIVE;
				GCC_WARN_UNUSED_FUNCTION = YES;
				GCC_WARN_UNUSED_VARIABLE = YES;
				IPHONEOS_DEPLOYMENT_TARGET = 17.5;
				LOCALIZATION_PREFERS_STRING_CATALOGS = YES;
				MTL_ENABLE_DEBUG_INFO = NO;
				MTL_FAST_MATH = YES;
				SDKROOT = iphoneos;
				SWIFT_COMPILATION_MODE = wholemodule;
				VALIDATE_PRODUCT = YES;
			};
			name = Release;
		};
		A1779F7A2DACAA2F006BCC9E /* Debug */ = {
			isa = XCBuildConfiguration;
			buildSettings = {
				ASSETCATALOG_COMPILER_APPICON_NAME = AppIcon;
				ASSETCATALOG_COMPILER_GLOBAL_ACCENT_COLOR_NAME = AccentColor;
				CODE_SIGN_STYLE = Automatic;
				CURRENT_PROJECT_VERSION = 1;
				GENERATE_INFOPLIST_FILE = YES;
				INFOPLIST_FILE = JYYQToolBox/Info.plist;
				INFOPLIST_KEY_UIApplicationSupportsIndirectInputEvents = YES;
				INFOPLIST_KEY_UILaunchStoryboardName = LaunchScreen;
				INFOPLIST_KEY_UIMainStoryboardFile = Main;
				INFOPLIST_KEY_UISupportedInterfaceOrientations_iPad = "UIInterfaceOrientationPortrait UIInterfaceOrientationPortraitUpsideDown UIInterfaceOrientationLandscapeLeft UIInterfaceOrientationLandscapeRight";
				INFOPLIST_KEY_UISupportedInterfaceOrientations_iPhone = "UIInterfaceOrientationPortrait UIInterfaceOrientationLandscapeLeft UIInterfaceOrientationLandscapeRight";
				LD_RUNPATH_SEARCH_PATHS = (
					"$(inherited)",
					"@executable_path/Frameworks",
				);
				MARKETING_VERSION = 1.0;
				PRODUCT_BUNDLE_IDENTIFIER = com.JYYQ.JYYQToolBox;
				PRODUCT_NAME = "$(TARGET_NAME)";
				SWIFT_EMIT_LOC_STRINGS = YES;
				SWIFT_VERSION = 5.0;
				TARGETED_DEVICE_FAMILY = "1,2";
			};
			name = Debug;
		};
		A1779F7B2DACAA2F006BCC9E /* Release */ = {
			isa = XCBuildConfiguration;
			buildSettings = {
				ASSETCATALOG_COMPILER_APPICON_NAME = AppIcon;
				ASSETCATALOG_COMPILER_GLOBAL_ACCENT_COLOR_NAME = AccentColor;
				CODE_SIGN_STYLE = Automatic;
				CURRENT_PROJECT_VERSION = 1;
				GENERATE_INFOPLIST_FILE = YES;
				INFOPLIST_FILE = JYYQToolBox/Info.plist;
				INFOPLIST_KEY_UIApplicationSupportsIndirectInputEvents = YES;
				INFOPLIST_KEY_UILaunchStoryboardName = LaunchScreen;
				INFOPLIST_KEY_UIMainStoryboardFile = Main;
				INFOPLIST_KEY_UISupportedInterfaceOrientations_iPad = "UIInterfaceOrientationPortrait UIInterfaceOrientationPortraitUpsideDown UIInterfaceOrientationLandscapeLeft UIInterfaceOrientationLandscapeRight";
				INFOPLIST_KEY_UISupportedInterfaceOrientations_iPhone = "UIInterfaceOrientationPortrait UIInterfaceOrientationLandscapeLeft UIInterfaceOrientationLandscapeRight";
				LD_RUNPATH_SEARCH_PATHS = (
					"$(inherited)",
					"@executable_path/Frameworks",
				);
				MARKETING_VERSION = 1.0;
				PRODUCT_BUNDLE_IDENTIFIER = com.JYYQ.JYYQToolBox;
				PRODUCT_NAME = "$(TARGET_NAME)";
				SWIFT_EMIT_LOC_STRINGS = YES;
				SWIFT_VERSION = 5.0;
				TARGETED_DEVICE_FAMILY = "1,2";
			};
			name = Release;
		};
/* End XCBuildConfiguration section */

/* Begin XCConfigurationList section */
		A1779F602DACAA2E006BCC9E /* Build configuration list for PBXProject "JYYQToolBox" */ = {
			isa = XCConfigurationList;
			buildConfigurations = (
				A1779F772DACAA2F006BCC9E /* Debug */,
				A1779F782DACAA2F006BCC9E /* Release */,
			);
			defaultConfigurationIsVisible = 0;
			defaultConfigurationName = Release;
		};
		A1779F792DACAA2F006BCC9E /* Build configuration list for PBXNativeTarget "JYYQToolBox" */ = {
			isa = XCConfigurationList;
			buildConfigurations = (
				A1779F7A2DACAA2F006BCC9E /* Debug */,
				A1779F7B2DACAA2F006BCC9E /* Release */,
			);
			defaultConfigurationIsVisible = 0;
			defaultConfigurationName = Release;
		};
/* End XCConfigurationList section */
	};
	rootObject = A1779F5D2DACAA2E006BCC9E /* Project object */;
}
